
Microsoft Visual Studio Solution File, Format Version 12.00
# Visual Studio 2013
VisualStudioVersion = 12.0.21005.1
MinimumVisualStudioVersion = 10.0.40219.1
Project("{FAE04EC0-301F-11D3-BF4B-00C04F79EFBC}") = "01.PlusRemove", "01.PlusRemove\01.PlusRemove.csproj", "{44754BE2-64ED-4767-B309-A06AC42D8EBE}"
EndProject
Project("{FAE04EC0-301F-11D3-BF4B-00C04F79EFBC}") = "02.StringMatrixRotation", "02.StringMatrixRotation\02.StringMatrixRotation.csproj", "{6DBF427D-A4F2-413A-AFEA-705AEEF70A09}"
EndProject
Project("{FAE04EC0-301F-11D3-BF4B-00C04F79EFBC}") = "03.ExtractHyperlinks", "03.ExtractHyperlinks\03.ExtractHyperlinks.csproj", "{54E18ABE-D1CA-4F47-B380-B07FAADDB37C}"
EndProject
Project("{FAE04EC0-301F-11D3-BF4B-00C04F79EFBC}") = "04.QueryMess", "04.QueryMess\04.QueryMess.csproj", "{108F3869-2A9E-4956-885B-3B588B6A7963}"
EndProject
Project("{FAE04EC0-301F-11D3-BF4B-00C04F79EFBC}") = "10.ClearingCommands", "10.ClearingCommands\10.ClearingCommands.csproj", "{4CBD6FE4-BF21-4075-9A56-EF3BEC71B7FD}"
EndProject
Project("{FAE04EC0-301F-11D3-BF4B-00C04F79EFBC}") = "21.ITVillage", "21.ITVillage\21.ITVillage.csproj", "{9DBA8B3B-7661-4656-A04A-521DC645BA08}"
EndProject
Project("{FAE04EC0-301F-11D3-BF4B-00C04F79EFBC}") = "15.TheNumbers", "15.TheNumbers\15.TheNumbers.csproj", "{D1BBB335-E614-46F9-A986-0EE99E197E62}"
EndProject
Project("{FAE04EC0-301F-11D3-BF4B-00C04F79EFBC}") = "16.Parachute", "16.Parachute\16.Parachute.csproj", "{12B23465-B0CD-4BE5-9BA3-C7B8B894C0D2}"
EndProject
Project("{FAE04EC0-301F-11D3-BF4B-00C04F79EFBC}") = "13.SumOfAllValues", "13.SumOfAllValues\13.SumOfAllValues.csproj", "{C892422D-CD0E-4993-8DA4-D5D77798048E}"
EndProject
Global
	GlobalSection(SolutionConfigurationPlatforms) = preSolution
		Debug|Any CPU = Debug|Any CPU
		Release|Any CPU = Release|Any CPU
	EndGlobalSection
	GlobalSection(ProjectConfigurationPlatforms) = postSolution
		{44754BE2-64ED-4767-B309-A06AC42D8EBE}.Debug|Any CPU.ActiveCfg = Debug|Any CPU
		{44754BE2-64ED-4767-B309-A06AC42D8EBE}.Debug|Any CPU.Build.0 = Debug|Any CPU
		{44754BE2-64ED-4767-B309-A06AC42D8EBE}.Release|Any CPU.ActiveCfg = Release|Any CPU
		{44754BE2-64ED-4767-B309-A06AC42D8EBE}.Release|Any CPU.Build.0 = Release|Any CPU
		{6DBF427D-A4F2-413A-AFEA-705AEEF70A09}.Debug|Any CPU.ActiveCfg = Debug|Any CPU
		{6DBF427D-A4F2-413A-AFEA-705AEEF70A09}.Debug|Any CPU.Build.0 = Debug|Any CPU
		{6DBF427D-A4F2-413A-AFEA-705AEEF70A09}.Release|Any CPU.ActiveCfg = Release|Any CPU
		{6DBF427D-A4F2-413A-AFEA-705AEEF70A09}.Release|Any CPU.Build.0 = Release|Any CPU
		{54E18ABE-D1CA-4F47-B380-B07FAADDB37C}.Debug|Any CPU.ActiveCfg = Debug|Any CPU
		{54E18ABE-D1CA-4F47-B380-B07FAADDB37C}.Debug|Any CPU.Build.0 = Debug|Any CPU
		{54E18ABE-D1CA-4F47-B380-B07FAADDB37C}.Release|Any CPU.ActiveCfg = Release|Any CPU
		{54E18ABE-D1CA-4F47-B380-B07FAADDB37C}.Release|Any CPU.Build.0 = Release|Any CPU
		{108F3869-2A9E-4956-885B-3B588B6A7963}.Debug|Any CPU.ActiveCfg = Debug|Any CPU
		{108F3869-2A9E-4956-885B-3B588B6A7963}.Debug|Any CPU.Build.0 = Debug|Any CPU
		{108F3869-2A9E-4956-885B-3B588B6A7963}.Release|Any CPU.ActiveCfg = Release|Any CPU
		{108F3869-2A9E-4956-885B-3B588B6A7963}.Release|Any CPU.Build.0 = Release|Any CPU
		{4CBD6FE4-BF21-4075-9A56-EF3BEC71B7FD}.Debug|Any CPU.ActiveCfg = Debug|Any CPU
		{4CBD6FE4-BF21-4075-9A56-EF3BEC71B7FD}.Debug|Any CPU.Build.0 = Debug|Any CPU
		{4CBD6FE4-BF21-4075-9A56-EF3BEC71B7FD}.Release|Any CPU.ActiveCfg = Release|Any CPU
		{4CBD6FE4-BF21-4075-9A56-EF3BEC71B7FD}.Release|Any CPU.Build.0 = Release|Any CPU
		{9DBA8B3B-7661-4656-A04A-521DC645BA08}.Debug|Any CPU.ActiveCfg = Debug|Any CPU
		{9DBA8B3B-7661-4656-A04A-521DC645BA08}.Debug|Any CPU.Build.0 = Debug|Any CPU
		{9DBA8B3B-7661-4656-A04A-521DC645BA08}.Release|Any CPU.ActiveCfg = Release|Any CPU
		{9DBA8B3B-7661-4656-A04A-521DC645BA08}.Release|Any CPU.Build.0 = Release|Any CPU
		{D1BBB335-E614-46F9-A986-0EE99E197E62}.Debug|Any CPU.ActiveCfg = Debug|Any CPU
		{D1BBB335-E614-46F9-A986-0EE99E197E62}.Debug|Any CPU.Build.0 = Debug|Any CPU
		{D1BBB335-E614-46F9-A986-0EE99E197E62}.Release|Any CPU.ActiveCfg = Release|Any CPU
		{D1BBB335-E614-46F9-A986-0EE99E197E62}.Release|Any CPU.Build.0 = Release|Any CPU
		{12B23465-B0CD-4BE5-9BA3-C7B8B894C0D2}.Debug|Any CPU.ActiveCfg = Debug|Any CPU
		{12B23465-B0CD-4BE5-9BA3-C7B8B894C0D2}.Debug|Any CPU.Build.0 = Debug|Any CPU
		{12B23465-B0CD-4BE5-9BA3-C7B8B894C0D2}.Release|Any CPU.ActiveCfg = Release|Any CPU
		{12B23465-B0CD-4BE5-9BA3-C7B8B894C0D2}.Release|Any CPU.Build.0 = Release|Any CPU
		{C892422D-CD0E-4993-8DA4-D5D77798048E}.Debug|Any CPU.ActiveCfg = Debug|Any CPU
		{C892422D-CD0E-4993-8DA4-D5D77798048E}.Debug|Any CPU.Build.0 = Debug|Any CPU
		{C892422D-CD0E-4993-8DA4-D5D77798048E}.Release|Any CPU.ActiveCfg = Release|Any CPU
		{C892422D-CD0E-4993-8DA4-D5D77798048E}.Release|Any CPU.Build.0 = Release|Any CPU
	EndGlobalSection
	GlobalSection(SolutionProperties) = preSolution
		HideSolutionNode = FALSE
	EndGlobalSection
EndGlobal
