
Microsoft Visual Studio Solution File, Format Version 12.00
# Visual Studio 2013
VisualStudioVersion = 12.0.21005.1
MinimumVisualStudioVersion = 10.0.40219.1
Project("{FAE04EC0-301F-11D3-BF4B-00C04F79EFBC}") = "01.PlusRemove", "01.PlusRemove\01.PlusRemove.csproj", "{44754BE2-64ED-4767-B309-A06AC42D8EBE}"
EndProject
Project("{FAE04EC0-301F-11D3-BF4B-00C04F79EFBC}") = "02.StringMatrixRotation", "02.StringMatrixRotation\02.StringMatrixRotation.csproj", "{6DBF427D-A4F2-413A-AFEA-705AEEF70A09}"
EndProject
Project("{FAE04EC0-301F-11D3-BF4B-00C04F79EFBC}") = "03.ExtractHyperlinks", "03.ExtractHyperlinks\03.ExtractHyperlinks.csproj", "{54E18ABE-D1CA-4F47-B380-B07FAADDB37C}"
EndProject
Project("{FAE04EC0-301F-11D3-BF4B-00C04F79EFBC}") = "04.QueryMess", "04.QueryMess\04.QueryMess.csproj", "{108F3869-2A9E-4956-885B-3B588B6A7963}"
EndProject
Project("{FAE04EC0-301F-11D3-BF4B-00C04F79EFBC}") = "10.ClearingCommands", "10.ClearingCommands\10.ClearingCommands.csproj", "{4CBD6FE4-BF21-4075-9A56-EF3BEC71B7FD}"
EndProject
Project("{FAE04EC0-301F-11D3-BF4B-00C04F79EFBC}") = "21.ITVillage", "21.ITVillage\21.ITVillage.csproj", "{9DBA8B3B-7661-4656-A04A-521DC645BA08}"
EndProject
Project("{FAE04EC0-301F-11D3-BF4B-00C04F79EFBC}") = "15.TheNumbers", "15.TheNumbers\15.TheNumbers.csproj", "{D1BBB335-E614-46F9-A986-0EE99E197E62}"
EndProject
Project("{FAE04EC0-301F-11D3-BF4B-00C04F79EFBC}") = "16.Parachute", "16.Parachute\16.Parachute.csproj", "{12B23465-B0CD-4BE5-9BA3-C7B8B894C0D2}"
EndProject
Project("{FAE04EC0-301F-11D3-BF4B-00C04F79EFBC}") = "13.SumOfAllValues", "13.SumOfAllValues\13.SumOfAllValues.csproj", "{C892422D-CD0E-4993-8DA4-D5D77798048E}"
EndProject
Project("{FAE04EC0-301F-11D3-BF4B-00C04F79EFBC}") = "14.MatrixShuffle", "14.MatrixShuffle\14.MatrixShuffle.csproj", "{6A7D417B-03B6-424A-AB9E-3A7AF587DA42}"
EndProject
Project("{FAE04EC0-301F-11D3-BF4B-00C04F79EFBC}") = "14.MatrixShuffle2", "14.MatrixShuffle2\14.MatrixShuffle2.csproj", "{1F6A57AB-B961-4432-886B-A828F09BAF3A}"
EndProject
Project("{FAE04EC0-301F-11D3-BF4B-00C04F79EFBC}") = "07.VladkosNotebook", "07.VladkosNotebook\07.VladkosNotebook.csproj", "{0DD682C5-F16A-4A25-9C80-EA2A24A717F2}"
EndProject
Project("{FAE04EC0-301F-11D3-BF4B-00C04F79EFBC}") = "06.XRemoval", "06.XRemoval\06.XRemoval.csproj", "{F6BF11C1-4CC2-4DF2-9D84-BD33B680D5AA}"
EndProject
Project("{FAE04EC0-301F-11D3-BF4B-00C04F79EFBC}") = "18.PINValidation", "18.PINValidation\18.PINValidation.csproj", "{9260104C-050C-40B9-A31D-7CC72C4D9E6B}"
EndProject
Project("{FAE04EC0-301F-11D3-BF4B-00C04F79EFBC}") = "17.BiggestTableRow", "17.BiggestTableRow\17.BiggestTableRow.csproj", "{ED88018D-D22A-468A-BC8A-FED97C77EB53}"
EndProject
Project("{FAE04EC0-301F-11D3-BF4B-00C04F79EFBC}") = "12.PhoneNumbers", "12.PhoneNumbers\12.PhoneNumbers.csproj", "{29546DFE-50CD-4A45-8A9B-5BCF51BDFFF4}"
EndProject
Project("{FAE04EC0-301F-11D3-BF4B-00C04F79EFBC}") = "08.TextGravity", "08.TextGravity\08.TextGravity.csproj", "{DBDEAC47-8166-421F-B363-3D6F9F908524}"
EndProject
Project("{FAE04EC0-301F-11D3-BF4B-00C04F79EFBC}") = "09.UppercaseWords", "09.UppercaseWords\09.UppercaseWords.csproj", "{D09F3E71-6E64-4BE0-9058-E622F85EC497}"
EndProject
Project("{FAE04EC0-301F-11D3-BF4B-00C04F79EFBC}") = "05.SemanticHTML", "05.SemanticHTML\05.SemanticHTML.csproj", "{A2F2FCD2-9DC5-4496-B9B0-22A33D534A04}"
EndProject
Project("{FAE04EC0-301F-11D3-BF4B-00C04F79EFBC}") = "11.LittleJohn", "11.LittleJohn\11.LittleJohn.csproj", "{39A0CB46-C62F-4D33-A448-4AD03F809C70}"
EndProject
Project("{FAE04EC0-301F-11D3-BF4B-00C04F79EFBC}") = "19.ChatLogger", "19.ChatLogger\19.ChatLogger.csproj", "{D0EDCD33-97B9-409C-ADB0-13023EDC1123}"
EndProject
Project("{FAE04EC0-301F-11D3-BF4B-00C04F79EFBC}") = "20.OMyGirl", "20.OMyGirl\20.OMyGirl.csproj", "{BA38DD1E-9C3F-43BF-AF82-F349384FE954}"
EndProject
Global
	GlobalSection(SolutionConfigurationPlatforms) = preSolution
		Debug|Any CPU = Debug|Any CPU
		Release|Any CPU = Release|Any CPU
	EndGlobalSection
	GlobalSection(ProjectConfigurationPlatforms) = postSolution
		{44754BE2-64ED-4767-B309-A06AC42D8EBE}.Debug|Any CPU.ActiveCfg = Debug|Any CPU
		{44754BE2-64ED-4767-B309-A06AC42D8EBE}.Debug|Any CPU.Build.0 = Debug|Any CPU
		{44754BE2-64ED-4767-B309-A06AC42D8EBE}.Release|Any CPU.ActiveCfg = Release|Any CPU
		{44754BE2-64ED-4767-B309-A06AC42D8EBE}.Release|Any CPU.Build.0 = Release|Any CPU
		{6DBF427D-A4F2-413A-AFEA-705AEEF70A09}.Debug|Any CPU.ActiveCfg = Debug|Any CPU
		{6DBF427D-A4F2-413A-AFEA-705AEEF70A09}.Debug|Any CPU.Build.0 = Debug|Any CPU
		{6DBF427D-A4F2-413A-AFEA-705AEEF70A09}.Release|Any CPU.ActiveCfg = Release|Any CPU
		{6DBF427D-A4F2-413A-AFEA-705AEEF70A09}.Release|Any CPU.Build.0 = Release|Any CPU
		{54E18ABE-D1CA-4F47-B380-B07FAADDB37C}.Debug|Any CPU.ActiveCfg = Debug|Any CPU
		{54E18ABE-D1CA-4F47-B380-B07FAADDB37C}.Debug|Any CPU.Build.0 = Debug|Any CPU
		{54E18ABE-D1CA-4F47-B380-B07FAADDB37C}.Release|Any CPU.ActiveCfg = Release|Any CPU
		{54E18ABE-D1CA-4F47-B380-B07FAADDB37C}.Release|Any CPU.Build.0 = Release|Any CPU
		{108F3869-2A9E-4956-885B-3B588B6A7963}.Debug|Any CPU.ActiveCfg = Debug|Any CPU
		{108F3869-2A9E-4956-885B-3B588B6A7963}.Debug|Any CPU.Build.0 = Debug|Any CPU
		{108F3869-2A9E-4956-885B-3B588B6A7963}.Release|Any CPU.ActiveCfg = Release|Any CPU
		{108F3869-2A9E-4956-885B-3B588B6A7963}.Release|Any CPU.Build.0 = Release|Any CPU
		{4CBD6FE4-BF21-4075-9A56-EF3BEC71B7FD}.Debug|Any CPU.ActiveCfg = Debug|Any CPU
		{4CBD6FE4-BF21-4075-9A56-EF3BEC71B7FD}.Debug|Any CPU.Build.0 = Debug|Any CPU
		{4CBD6FE4-BF21-4075-9A56-EF3BEC71B7FD}.Release|Any CPU.ActiveCfg = Release|Any CPU
		{4CBD6FE4-BF21-4075-9A56-EF3BEC71B7FD}.Release|Any CPU.Build.0 = Release|Any CPU
		{9DBA8B3B-7661-4656-A04A-521DC645BA08}.Debug|Any CPU.ActiveCfg = Debug|Any CPU
		{9DBA8B3B-7661-4656-A04A-521DC645BA08}.Debug|Any CPU.Build.0 = Debug|Any CPU
		{9DBA8B3B-7661-4656-A04A-521DC645BA08}.Release|Any CPU.ActiveCfg = Release|Any CPU
		{9DBA8B3B-7661-4656-A04A-521DC645BA08}.Release|Any CPU.Build.0 = Release|Any CPU
		{D1BBB335-E614-46F9-A986-0EE99E197E62}.Debug|Any CPU.ActiveCfg = Debug|Any CPU
		{D1BBB335-E614-46F9-A986-0EE99E197E62}.Debug|Any CPU.Build.0 = Debug|Any CPU
		{D1BBB335-E614-46F9-A986-0EE99E197E62}.Release|Any CPU.ActiveCfg = Release|Any CPU
		{D1BBB335-E614-46F9-A986-0EE99E197E62}.Release|Any CPU.Build.0 = Release|Any CPU
		{12B23465-B0CD-4BE5-9BA3-C7B8B894C0D2}.Debug|Any CPU.ActiveCfg = Debug|Any CPU
		{12B23465-B0CD-4BE5-9BA3-C7B8B894C0D2}.Debug|Any CPU.Build.0 = Debug|Any CPU
		{12B23465-B0CD-4BE5-9BA3-C7B8B894C0D2}.Release|Any CPU.ActiveCfg = Release|Any CPU
		{12B23465-B0CD-4BE5-9BA3-C7B8B894C0D2}.Release|Any CPU.Build.0 = Release|Any CPU
		{C892422D-CD0E-4993-8DA4-D5D77798048E}.Debug|Any CPU.ActiveCfg = Debug|Any CPU
		{C892422D-CD0E-4993-8DA4-D5D77798048E}.Debug|Any CPU.Build.0 = Debug|Any CPU
		{C892422D-CD0E-4993-8DA4-D5D77798048E}.Release|Any CPU.ActiveCfg = Release|Any CPU
		{C892422D-CD0E-4993-8DA4-D5D77798048E}.Release|Any CPU.Build.0 = Release|Any CPU
		{6A7D417B-03B6-424A-AB9E-3A7AF587DA42}.Debug|Any CPU.ActiveCfg = Debug|Any CPU
		{6A7D417B-03B6-424A-AB9E-3A7AF587DA42}.Debug|Any CPU.Build.0 = Debug|Any CPU
		{6A7D417B-03B6-424A-AB9E-3A7AF587DA42}.Release|Any CPU.ActiveCfg = Release|Any CPU
		{6A7D417B-03B6-424A-AB9E-3A7AF587DA42}.Release|Any CPU.Build.0 = Release|Any CPU
		{1F6A57AB-B961-4432-886B-A828F09BAF3A}.Debug|Any CPU.ActiveCfg = Debug|Any CPU
		{1F6A57AB-B961-4432-886B-A828F09BAF3A}.Debug|Any CPU.Build.0 = Debug|Any CPU
		{1F6A57AB-B961-4432-886B-A828F09BAF3A}.Release|Any CPU.ActiveCfg = Release|Any CPU
		{1F6A57AB-B961-4432-886B-A828F09BAF3A}.Release|Any CPU.Build.0 = Release|Any CPU
		{0DD682C5-F16A-4A25-9C80-EA2A24A717F2}.Debug|Any CPU.ActiveCfg = Debug|Any CPU
		{0DD682C5-F16A-4A25-9C80-EA2A24A717F2}.Debug|Any CPU.Build.0 = Debug|Any CPU
		{0DD682C5-F16A-4A25-9C80-EA2A24A717F2}.Release|Any CPU.ActiveCfg = Release|Any CPU
		{0DD682C5-F16A-4A25-9C80-EA2A24A717F2}.Release|Any CPU.Build.0 = Release|Any CPU
		{F6BF11C1-4CC2-4DF2-9D84-BD33B680D5AA}.Debug|Any CPU.ActiveCfg = Debug|Any CPU
		{F6BF11C1-4CC2-4DF2-9D84-BD33B680D5AA}.Debug|Any CPU.Build.0 = Debug|Any CPU
		{F6BF11C1-4CC2-4DF2-9D84-BD33B680D5AA}.Release|Any CPU.ActiveCfg = Release|Any CPU
		{F6BF11C1-4CC2-4DF2-9D84-BD33B680D5AA}.Release|Any CPU.Build.0 = Release|Any CPU
		{9260104C-050C-40B9-A31D-7CC72C4D9E6B}.Debug|Any CPU.ActiveCfg = Debug|Any CPU
		{9260104C-050C-40B9-A31D-7CC72C4D9E6B}.Debug|Any CPU.Build.0 = Debug|Any CPU
		{9260104C-050C-40B9-A31D-7CC72C4D9E6B}.Release|Any CPU.ActiveCfg = Release|Any CPU
		{9260104C-050C-40B9-A31D-7CC72C4D9E6B}.Release|Any CPU.Build.0 = Release|Any CPU
		{ED88018D-D22A-468A-BC8A-FED97C77EB53}.Debug|Any CPU.ActiveCfg = Debug|Any CPU
		{ED88018D-D22A-468A-BC8A-FED97C77EB53}.Debug|Any CPU.Build.0 = Debug|Any CPU
		{ED88018D-D22A-468A-BC8A-FED97C77EB53}.Release|Any CPU.ActiveCfg = Release|Any CPU
		{ED88018D-D22A-468A-BC8A-FED97C77EB53}.Release|Any CPU.Build.0 = Release|Any CPU
		{29546DFE-50CD-4A45-8A9B-5BCF51BDFFF4}.Debug|Any CPU.ActiveCfg = Debug|Any CPU
		{29546DFE-50CD-4A45-8A9B-5BCF51BDFFF4}.Debug|Any CPU.Build.0 = Debug|Any CPU
		{29546DFE-50CD-4A45-8A9B-5BCF51BDFFF4}.Release|Any CPU.ActiveCfg = Release|Any CPU
		{29546DFE-50CD-4A45-8A9B-5BCF51BDFFF4}.Release|Any CPU.Build.0 = Release|Any CPU
		{DBDEAC47-8166-421F-B363-3D6F9F908524}.Debug|Any CPU.ActiveCfg = Debug|Any CPU
		{DBDEAC47-8166-421F-B363-3D6F9F908524}.Debug|Any CPU.Build.0 = Debug|Any CPU
		{DBDEAC47-8166-421F-B363-3D6F9F908524}.Release|Any CPU.ActiveCfg = Release|Any CPU
		{DBDEAC47-8166-421F-B363-3D6F9F908524}.Release|Any CPU.Build.0 = Release|Any CPU
		{D09F3E71-6E64-4BE0-9058-E622F85EC497}.Debug|Any CPU.ActiveCfg = Debug|Any CPU
		{D09F3E71-6E64-4BE0-9058-E622F85EC497}.Debug|Any CPU.Build.0 = Debug|Any CPU
		{D09F3E71-6E64-4BE0-9058-E622F85EC497}.Release|Any CPU.ActiveCfg = Release|Any CPU
		{D09F3E71-6E64-4BE0-9058-E622F85EC497}.Release|Any CPU.Build.0 = Release|Any CPU
		{A2F2FCD2-9DC5-4496-B9B0-22A33D534A04}.Debug|Any CPU.ActiveCfg = Debug|Any CPU
		{A2F2FCD2-9DC5-4496-B9B0-22A33D534A04}.Debug|Any CPU.Build.0 = Debug|Any CPU
		{A2F2FCD2-9DC5-4496-B9B0-22A33D534A04}.Release|Any CPU.ActiveCfg = Release|Any CPU
		{A2F2FCD2-9DC5-4496-B9B0-22A33D534A04}.Release|Any CPU.Build.0 = Release|Any CPU
		{39A0CB46-C62F-4D33-A448-4AD03F809C70}.Debug|Any CPU.ActiveCfg = Debug|Any CPU
		{39A0CB46-C62F-4D33-A448-4AD03F809C70}.Debug|Any CPU.Build.0 = Debug|Any CPU
		{39A0CB46-C62F-4D33-A448-4AD03F809C70}.Release|Any CPU.ActiveCfg = Release|Any CPU
		{39A0CB46-C62F-4D33-A448-4AD03F809C70}.Release|Any CPU.Build.0 = Release|Any CPU
		{D0EDCD33-97B9-409C-ADB0-13023EDC1123}.Debug|Any CPU.ActiveCfg = Debug|Any CPU
		{D0EDCD33-97B9-409C-ADB0-13023EDC1123}.Debug|Any CPU.Build.0 = Debug|Any CPU
		{D0EDCD33-97B9-409C-ADB0-13023EDC1123}.Release|Any CPU.ActiveCfg = Release|Any CPU
		{D0EDCD33-97B9-409C-ADB0-13023EDC1123}.Release|Any CPU.Build.0 = Release|Any CPU
		{BA38DD1E-9C3F-43BF-AF82-F349384FE954}.Debug|Any CPU.ActiveCfg = Debug|Any CPU
		{BA38DD1E-9C3F-43BF-AF82-F349384FE954}.Debug|Any CPU.Build.0 = Debug|Any CPU
		{BA38DD1E-9C3F-43BF-AF82-F349384FE954}.Release|Any CPU.ActiveCfg = Release|Any CPU
		{BA38DD1E-9C3F-43BF-AF82-F349384FE954}.Release|Any CPU.Build.0 = Release|Any CPU
	EndGlobalSection
	GlobalSection(SolutionProperties) = preSolution
		HideSolutionNode = FALSE
	EndGlobalSection
EndGlobal
