
Microsoft Visual Studio Solution File, Format Version 12.00
# Visual Studio 2013
VisualStudioVersion = 12.0.21005.1
MinimumVisualStudioVersion = 10.0.40219.1
Project("{FAE04EC0-301F-11D3-BF4B-00C04F79EFBC}") = "01.ReadingFromFiles", "01.ReadingFromFiles\01.ReadingFromFiles.csproj", "{4B96A564-3452-4975-8CAA-83D759278841}"
EndProject
Project("{FAE04EC0-301F-11D3-BF4B-00C04F79EFBC}") = "02.BufferredReadingFromFiles", "02.BufferredReadingFromFiles\02.BufferredReadingFromFiles.csproj", "{E15E2672-6D10-4DA4-B714-DB7DCDDDB9C0}"
EndProject
Project("{FAE04EC0-301F-11D3-BF4B-00C04F79EFBC}") = "03.WritingToFiles", "03.WritingToFiles\03.WritingToFiles.csproj", "{CA94E6BD-CB94-413E-B66E-85810D182CE9}"
EndProject
Project("{FAE04EC0-301F-11D3-BF4B-00C04F79EFBC}") = "04.CloseStreamsWithUsing", "04.CloseStreamsWithUsing\04.CloseStreamsWithUsing.csproj", "{55377D6B-E105-4B34-818A-5AE25FB1982B}"
EndProject
Global
	GlobalSection(SolutionConfigurationPlatforms) = preSolution
		Debug|Any CPU = Debug|Any CPU
		Release|Any CPU = Release|Any CPU
	EndGlobalSection
	GlobalSection(ProjectConfigurationPlatforms) = postSolution
		{4B96A564-3452-4975-8CAA-83D759278841}.Debug|Any CPU.ActiveCfg = Debug|Any CPU
		{4B96A564-3452-4975-8CAA-83D759278841}.Debug|Any CPU.Build.0 = Debug|Any CPU
		{4B96A564-3452-4975-8CAA-83D759278841}.Release|Any CPU.ActiveCfg = Release|Any CPU
		{4B96A564-3452-4975-8CAA-83D759278841}.Release|Any CPU.Build.0 = Release|Any CPU
		{E15E2672-6D10-4DA4-B714-DB7DCDDDB9C0}.Debug|Any CPU.ActiveCfg = Debug|Any CPU
		{E15E2672-6D10-4DA4-B714-DB7DCDDDB9C0}.Debug|Any CPU.Build.0 = Debug|Any CPU
		{E15E2672-6D10-4DA4-B714-DB7DCDDDB9C0}.Release|Any CPU.ActiveCfg = Release|Any CPU
		{E15E2672-6D10-4DA4-B714-DB7DCDDDB9C0}.Release|Any CPU.Build.0 = Release|Any CPU
		{CA94E6BD-CB94-413E-B66E-85810D182CE9}.Debug|Any CPU.ActiveCfg = Debug|Any CPU
		{CA94E6BD-CB94-413E-B66E-85810D182CE9}.Debug|Any CPU.Build.0 = Debug|Any CPU
		{CA94E6BD-CB94-413E-B66E-85810D182CE9}.Release|Any CPU.ActiveCfg = Release|Any CPU
		{CA94E6BD-CB94-413E-B66E-85810D182CE9}.Release|Any CPU.Build.0 = Release|Any CPU
		{55377D6B-E105-4B34-818A-5AE25FB1982B}.Debug|Any CPU.ActiveCfg = Debug|Any CPU
		{55377D6B-E105-4B34-818A-5AE25FB1982B}.Debug|Any CPU.Build.0 = Debug|Any CPU
		{55377D6B-E105-4B34-818A-5AE25FB1982B}.Release|Any CPU.ActiveCfg = Release|Any CPU
		{55377D6B-E105-4B34-818A-5AE25FB1982B}.Release|Any CPU.Build.0 = Release|Any CPU
	EndGlobalSection
	GlobalSection(SolutionProperties) = preSolution
		HideSolutionNode = FALSE
	EndGlobalSection
EndGlobal
