
Microsoft Visual Studio Solution File, Format Version 12.00
# Visual Studio 2013
VisualStudioVersion = 12.0.21005.1
MinimumVisualStudioVersion = 10.0.40219.1
Project("{FAE04EC0-301F-11D3-BF4B-00C04F79EFBC}") = "01.ClassStudent", "01.ClassStudent\01.ClassStudent.csproj", "{130DB0B3-6CC3-4647-A3CA-396011BB538D}"
EndProject
Project("{FAE04EC0-301F-11D3-BF4B-00C04F79EFBC}") = "02.StudentsByGroup", "02.StudentsByGroup\02.StudentsByGroup.csproj", "{A828FC17-ECC3-41B5-8EF4-E14EFF7AA79E}"
EndProject
Project("{FAE04EC0-301F-11D3-BF4B-00C04F79EFBC}") = "03.StudentsByFirstAndLastName", "03.StudentsByFirstAndLastName\03.StudentsByFirstAndLastName.csproj", "{DA423A49-9897-4221-B2D4-258CAF2D46D9}"
EndProject
Project("{FAE04EC0-301F-11D3-BF4B-00C04F79EFBC}") = "04.StudentsByAge", "04.StudentsByAge\04.StudentsByAge.csproj", "{D62578A7-FE4C-41C9-BDD7-D105AFD103E4}"
EndProject
Project("{FAE04EC0-301F-11D3-BF4B-00C04F79EFBC}") = "05.SortStudentsLambdaExpression", "05.SortStudentsLambdaExpression\05.SortStudentsLambdaExpression.csproj", "{277C54B8-67DB-4398-95ED-AD27206F4FB5}"
EndProject
Project("{FAE04EC0-301F-11D3-BF4B-00C04F79EFBC}") = "05.SortStudentsLINQ", "05.SortStudentsLINQ\05.SortStudentsLINQ.csproj", "{EAFAC206-9EC4-42B8-A9D4-09C13BB10760}"
EndProject
Project("{FAE04EC0-301F-11D3-BF4B-00C04F79EFBC}") = "06.FilterStudentsByEmailDomain", "06.FilterStudentsByEmailDomain\06.FilterStudentsByEmailDomain.csproj", "{6D5C4899-4DBF-42AB-962D-6F51F9126ABA}"
EndProject
Project("{FAE04EC0-301F-11D3-BF4B-00C04F79EFBC}") = "07.FilterStudentsByPhone", "07.FilterStudentsByPhone\07.FilterStudentsByPhone.csproj", "{D8FACA2F-A6D5-4DEC-AEC7-4087018FFA2E}"
EndProject
Project("{FAE04EC0-301F-11D3-BF4B-00C04F79EFBC}") = "08.ExcellentStudents", "08.ExcellentStudents\08.ExcellentStudents.csproj", "{424DEF0C-819A-4C66-8DB7-631070AB669C}"
EndProject
Project("{FAE04EC0-301F-11D3-BF4B-00C04F79EFBC}") = "09.WeakStudents", "09.WeakStudents\09.WeakStudents.csproj", "{F3EAB60F-797D-4C36-A4B8-D0CC830E4539}"
EndProject
Project("{FAE04EC0-301F-11D3-BF4B-00C04F79EFBC}") = "10.StudentsEnrolledIn2014", "10.StudentsEnrolledIn2014\10.StudentsEnrolledIn2014.csproj", "{E718EADF-DF21-4E22-8126-003D0B672F47}"
EndProject
Project("{FAE04EC0-301F-11D3-BF4B-00C04F79EFBC}") = "11.StudentsByGroups", "11.StudentsByGroups\11.StudentsByGroups.csproj", "{8FA9091E-9E10-4452-B43B-7E1439E699D2}"
EndProject
Project("{FAE04EC0-301F-11D3-BF4B-00C04F79EFBC}") = "12.StudentsJoinedToSpecialties", "12.StudentsJoinedToSpecialties\12.StudentsJoinedToSpecialties.csproj", "{A69BDD70-6370-4A23-9570-B26DC7FBC4CE}"
EndProject
Project("{FAE04EC0-301F-11D3-BF4B-00C04F79EFBC}") = "13.LINQtoExcel", "13.LINQtoExcel\13.LINQtoExcel.csproj", "{19CC86A0-59F9-4248-84EE-1FC2A8524216}"
EndProject
Project("{FAE04EC0-301F-11D3-BF4B-00C04F79EFBC}") = "14.TextGravity", "14.TextGravity\14.TextGravity.csproj", "{0ED17EC7-76CF-47E0-BDEE-D2CBBDA9E5E9}"
EndProject
Project("{FAE04EC0-301F-11D3-BF4B-00C04F79EFBC}") = "15.UppercaseWords", "15.UppercaseWords\15.UppercaseWords.csproj", "{FE3A7152-1888-4AC0-907F-C365C114AC94}"
EndProject
Project("{FAE04EC0-301F-11D3-BF4B-00C04F79EFBC}") = "16.LittleJohn", "16.LittleJohn\16.LittleJohn.csproj", "{2C5DEFB7-A56B-404A-A471-1A184FB693CA}"
EndProject
Project("{FAE04EC0-301F-11D3-BF4B-00C04F79EFBC}") = "17.OfficeStuff", "17.OfficeStuff\17.OfficeStuff.csproj", "{4D0F9317-89C0-45BB-B038-05E4C05C9880}"
EndProject
Global
	GlobalSection(SolutionConfigurationPlatforms) = preSolution
		Debug|Any CPU = Debug|Any CPU
		Release|Any CPU = Release|Any CPU
	EndGlobalSection
	GlobalSection(ProjectConfigurationPlatforms) = postSolution
		{130DB0B3-6CC3-4647-A3CA-396011BB538D}.Debug|Any CPU.ActiveCfg = Debug|Any CPU
		{130DB0B3-6CC3-4647-A3CA-396011BB538D}.Debug|Any CPU.Build.0 = Debug|Any CPU
		{130DB0B3-6CC3-4647-A3CA-396011BB538D}.Release|Any CPU.ActiveCfg = Release|Any CPU
		{130DB0B3-6CC3-4647-A3CA-396011BB538D}.Release|Any CPU.Build.0 = Release|Any CPU
		{A828FC17-ECC3-41B5-8EF4-E14EFF7AA79E}.Debug|Any CPU.ActiveCfg = Debug|Any CPU
		{A828FC17-ECC3-41B5-8EF4-E14EFF7AA79E}.Debug|Any CPU.Build.0 = Debug|Any CPU
		{A828FC17-ECC3-41B5-8EF4-E14EFF7AA79E}.Release|Any CPU.ActiveCfg = Release|Any CPU
		{A828FC17-ECC3-41B5-8EF4-E14EFF7AA79E}.Release|Any CPU.Build.0 = Release|Any CPU
		{DA423A49-9897-4221-B2D4-258CAF2D46D9}.Debug|Any CPU.ActiveCfg = Debug|Any CPU
		{DA423A49-9897-4221-B2D4-258CAF2D46D9}.Debug|Any CPU.Build.0 = Debug|Any CPU
		{DA423A49-9897-4221-B2D4-258CAF2D46D9}.Release|Any CPU.ActiveCfg = Release|Any CPU
		{DA423A49-9897-4221-B2D4-258CAF2D46D9}.Release|Any CPU.Build.0 = Release|Any CPU
		{D62578A7-FE4C-41C9-BDD7-D105AFD103E4}.Debug|Any CPU.ActiveCfg = Debug|Any CPU
		{D62578A7-FE4C-41C9-BDD7-D105AFD103E4}.Debug|Any CPU.Build.0 = Debug|Any CPU
		{D62578A7-FE4C-41C9-BDD7-D105AFD103E4}.Release|Any CPU.ActiveCfg = Release|Any CPU
		{D62578A7-FE4C-41C9-BDD7-D105AFD103E4}.Release|Any CPU.Build.0 = Release|Any CPU
		{277C54B8-67DB-4398-95ED-AD27206F4FB5}.Debug|Any CPU.ActiveCfg = Debug|Any CPU
		{277C54B8-67DB-4398-95ED-AD27206F4FB5}.Debug|Any CPU.Build.0 = Debug|Any CPU
		{277C54B8-67DB-4398-95ED-AD27206F4FB5}.Release|Any CPU.ActiveCfg = Release|Any CPU
		{277C54B8-67DB-4398-95ED-AD27206F4FB5}.Release|Any CPU.Build.0 = Release|Any CPU
		{EAFAC206-9EC4-42B8-A9D4-09C13BB10760}.Debug|Any CPU.ActiveCfg = Debug|Any CPU
		{EAFAC206-9EC4-42B8-A9D4-09C13BB10760}.Debug|Any CPU.Build.0 = Debug|Any CPU
		{EAFAC206-9EC4-42B8-A9D4-09C13BB10760}.Release|Any CPU.ActiveCfg = Release|Any CPU
		{EAFAC206-9EC4-42B8-A9D4-09C13BB10760}.Release|Any CPU.Build.0 = Release|Any CPU
		{6D5C4899-4DBF-42AB-962D-6F51F9126ABA}.Debug|Any CPU.ActiveCfg = Debug|Any CPU
		{6D5C4899-4DBF-42AB-962D-6F51F9126ABA}.Debug|Any CPU.Build.0 = Debug|Any CPU
		{6D5C4899-4DBF-42AB-962D-6F51F9126ABA}.Release|Any CPU.ActiveCfg = Release|Any CPU
		{6D5C4899-4DBF-42AB-962D-6F51F9126ABA}.Release|Any CPU.Build.0 = Release|Any CPU
		{D8FACA2F-A6D5-4DEC-AEC7-4087018FFA2E}.Debug|Any CPU.ActiveCfg = Debug|Any CPU
		{D8FACA2F-A6D5-4DEC-AEC7-4087018FFA2E}.Debug|Any CPU.Build.0 = Debug|Any CPU
		{D8FACA2F-A6D5-4DEC-AEC7-4087018FFA2E}.Release|Any CPU.ActiveCfg = Release|Any CPU
		{D8FACA2F-A6D5-4DEC-AEC7-4087018FFA2E}.Release|Any CPU.Build.0 = Release|Any CPU
		{424DEF0C-819A-4C66-8DB7-631070AB669C}.Debug|Any CPU.ActiveCfg = Debug|Any CPU
		{424DEF0C-819A-4C66-8DB7-631070AB669C}.Debug|Any CPU.Build.0 = Debug|Any CPU
		{424DEF0C-819A-4C66-8DB7-631070AB669C}.Release|Any CPU.ActiveCfg = Release|Any CPU
		{424DEF0C-819A-4C66-8DB7-631070AB669C}.Release|Any CPU.Build.0 = Release|Any CPU
		{F3EAB60F-797D-4C36-A4B8-D0CC830E4539}.Debug|Any CPU.ActiveCfg = Debug|Any CPU
		{F3EAB60F-797D-4C36-A4B8-D0CC830E4539}.Debug|Any CPU.Build.0 = Debug|Any CPU
		{F3EAB60F-797D-4C36-A4B8-D0CC830E4539}.Release|Any CPU.ActiveCfg = Release|Any CPU
		{F3EAB60F-797D-4C36-A4B8-D0CC830E4539}.Release|Any CPU.Build.0 = Release|Any CPU
		{E718EADF-DF21-4E22-8126-003D0B672F47}.Debug|Any CPU.ActiveCfg = Debug|Any CPU
		{E718EADF-DF21-4E22-8126-003D0B672F47}.Debug|Any CPU.Build.0 = Debug|Any CPU
		{E718EADF-DF21-4E22-8126-003D0B672F47}.Release|Any CPU.ActiveCfg = Release|Any CPU
		{E718EADF-DF21-4E22-8126-003D0B672F47}.Release|Any CPU.Build.0 = Release|Any CPU
		{8FA9091E-9E10-4452-B43B-7E1439E699D2}.Debug|Any CPU.ActiveCfg = Debug|Any CPU
		{8FA9091E-9E10-4452-B43B-7E1439E699D2}.Debug|Any CPU.Build.0 = Debug|Any CPU
		{8FA9091E-9E10-4452-B43B-7E1439E699D2}.Release|Any CPU.ActiveCfg = Release|Any CPU
		{8FA9091E-9E10-4452-B43B-7E1439E699D2}.Release|Any CPU.Build.0 = Release|Any CPU
		{A69BDD70-6370-4A23-9570-B26DC7FBC4CE}.Debug|Any CPU.ActiveCfg = Debug|Any CPU
		{A69BDD70-6370-4A23-9570-B26DC7FBC4CE}.Debug|Any CPU.Build.0 = Debug|Any CPU
		{A69BDD70-6370-4A23-9570-B26DC7FBC4CE}.Release|Any CPU.ActiveCfg = Release|Any CPU
		{A69BDD70-6370-4A23-9570-B26DC7FBC4CE}.Release|Any CPU.Build.0 = Release|Any CPU
		{19CC86A0-59F9-4248-84EE-1FC2A8524216}.Debug|Any CPU.ActiveCfg = Debug|Any CPU
		{19CC86A0-59F9-4248-84EE-1FC2A8524216}.Debug|Any CPU.Build.0 = Debug|Any CPU
		{19CC86A0-59F9-4248-84EE-1FC2A8524216}.Release|Any CPU.ActiveCfg = Release|Any CPU
		{19CC86A0-59F9-4248-84EE-1FC2A8524216}.Release|Any CPU.Build.0 = Release|Any CPU
		{0ED17EC7-76CF-47E0-BDEE-D2CBBDA9E5E9}.Debug|Any CPU.ActiveCfg = Debug|Any CPU
		{0ED17EC7-76CF-47E0-BDEE-D2CBBDA9E5E9}.Debug|Any CPU.Build.0 = Debug|Any CPU
		{0ED17EC7-76CF-47E0-BDEE-D2CBBDA9E5E9}.Release|Any CPU.ActiveCfg = Release|Any CPU
		{0ED17EC7-76CF-47E0-BDEE-D2CBBDA9E5E9}.Release|Any CPU.Build.0 = Release|Any CPU
		{FE3A7152-1888-4AC0-907F-C365C114AC94}.Debug|Any CPU.ActiveCfg = Debug|Any CPU
		{FE3A7152-1888-4AC0-907F-C365C114AC94}.Debug|Any CPU.Build.0 = Debug|Any CPU
		{FE3A7152-1888-4AC0-907F-C365C114AC94}.Release|Any CPU.ActiveCfg = Release|Any CPU
		{FE3A7152-1888-4AC0-907F-C365C114AC94}.Release|Any CPU.Build.0 = Release|Any CPU
		{2C5DEFB7-A56B-404A-A471-1A184FB693CA}.Debug|Any CPU.ActiveCfg = Debug|Any CPU
		{2C5DEFB7-A56B-404A-A471-1A184FB693CA}.Debug|Any CPU.Build.0 = Debug|Any CPU
		{2C5DEFB7-A56B-404A-A471-1A184FB693CA}.Release|Any CPU.ActiveCfg = Release|Any CPU
		{2C5DEFB7-A56B-404A-A471-1A184FB693CA}.Release|Any CPU.Build.0 = Release|Any CPU
		{4D0F9317-89C0-45BB-B038-05E4C05C9880}.Debug|Any CPU.ActiveCfg = Debug|Any CPU
		{4D0F9317-89C0-45BB-B038-05E4C05C9880}.Debug|Any CPU.Build.0 = Debug|Any CPU
		{4D0F9317-89C0-45BB-B038-05E4C05C9880}.Release|Any CPU.ActiveCfg = Release|Any CPU
		{4D0F9317-89C0-45BB-B038-05E4C05C9880}.Release|Any CPU.Build.0 = Release|Any CPU
	EndGlobalSection
	GlobalSection(SolutionProperties) = preSolution
		HideSolutionNode = FALSE
	EndGlobalSection
EndGlobal
