
Microsoft Visual Studio Solution File, Format Version 12.00
# Visual Studio 2013
VisualStudioVersion = 12.0.21005.1
MinimumVisualStudioVersion = 10.0.40219.1
Project("{FAE04EC0-301F-11D3-BF4B-00C04F79EFBC}") = "01.SortArrayOfNumbers", "01.SortArrayOfNumbers\01.SortArrayOfNumbers.csproj", "{EC1BE2E3-94FF-4200-9817-8067A7BB30C4}"
EndProject
Project("{FAE04EC0-301F-11D3-BF4B-00C04F79EFBC}") = "02.ArraySelectionSort", "02.ArraySelectionSort\02.ArraySelectionSort.csproj", "{21D93C6D-57FE-44A0-A27A-3E5C8EB0DD9E}"
EndProject
Project("{FAE04EC0-301F-11D3-BF4B-00C04F79EFBC}") = "03.CategorizeNumbers", "03.CategorizeNumbers\03.CategorizeNumbers.csproj", "{61D67960-E296-4955-B923-394574A7745E}"
EndProject
Project("{FAE04EC0-301F-11D3-BF4B-00C04F79EFBC}") = "04.SequencesOfEqualStrings", "04.SequencesOfEqualStrings\04.SequencesOfEqualStrings.csproj", "{8D37C81A-8DD1-42A7-B0FA-3B838E42A7D6}"
EndProject
Project("{FAE04EC0-301F-11D3-BF4B-00C04F79EFBC}") = "05.LongestIncreasingSequence", "05.LongestIncreasingSequence\05.LongestIncreasingSequence.csproj", "{4801E066-7875-430B-849E-72271091B555}"
EndProject
Global
	GlobalSection(SolutionConfigurationPlatforms) = preSolution
		Debug|Any CPU = Debug|Any CPU
		Release|Any CPU = Release|Any CPU
	EndGlobalSection
	GlobalSection(ProjectConfigurationPlatforms) = postSolution
		{EC1BE2E3-94FF-4200-9817-8067A7BB30C4}.Debug|Any CPU.ActiveCfg = Debug|Any CPU
		{EC1BE2E3-94FF-4200-9817-8067A7BB30C4}.Debug|Any CPU.Build.0 = Debug|Any CPU
		{EC1BE2E3-94FF-4200-9817-8067A7BB30C4}.Release|Any CPU.ActiveCfg = Release|Any CPU
		{EC1BE2E3-94FF-4200-9817-8067A7BB30C4}.Release|Any CPU.Build.0 = Release|Any CPU
		{21D93C6D-57FE-44A0-A27A-3E5C8EB0DD9E}.Debug|Any CPU.ActiveCfg = Debug|Any CPU
		{21D93C6D-57FE-44A0-A27A-3E5C8EB0DD9E}.Debug|Any CPU.Build.0 = Debug|Any CPU
		{21D93C6D-57FE-44A0-A27A-3E5C8EB0DD9E}.Release|Any CPU.ActiveCfg = Release|Any CPU
		{21D93C6D-57FE-44A0-A27A-3E5C8EB0DD9E}.Release|Any CPU.Build.0 = Release|Any CPU
		{61D67960-E296-4955-B923-394574A7745E}.Debug|Any CPU.ActiveCfg = Debug|Any CPU
		{61D67960-E296-4955-B923-394574A7745E}.Debug|Any CPU.Build.0 = Debug|Any CPU
		{61D67960-E296-4955-B923-394574A7745E}.Release|Any CPU.ActiveCfg = Release|Any CPU
		{61D67960-E296-4955-B923-394574A7745E}.Release|Any CPU.Build.0 = Release|Any CPU
		{8D37C81A-8DD1-42A7-B0FA-3B838E42A7D6}.Debug|Any CPU.ActiveCfg = Debug|Any CPU
		{8D37C81A-8DD1-42A7-B0FA-3B838E42A7D6}.Debug|Any CPU.Build.0 = Debug|Any CPU
		{8D37C81A-8DD1-42A7-B0FA-3B838E42A7D6}.Release|Any CPU.ActiveCfg = Release|Any CPU
		{8D37C81A-8DD1-42A7-B0FA-3B838E42A7D6}.Release|Any CPU.Build.0 = Release|Any CPU
		{4801E066-7875-430B-849E-72271091B555}.Debug|Any CPU.ActiveCfg = Debug|Any CPU
		{4801E066-7875-430B-849E-72271091B555}.Debug|Any CPU.Build.0 = Debug|Any CPU
		{4801E066-7875-430B-849E-72271091B555}.Release|Any CPU.ActiveCfg = Release|Any CPU
		{4801E066-7875-430B-849E-72271091B555}.Release|Any CPU.Build.0 = Release|Any CPU
	EndGlobalSection
	GlobalSection(SolutionProperties) = preSolution
		HideSolutionNode = FALSE
	EndGlobalSection
EndGlobal
